<?xml version="1.0" encoding="utf-8"?>
<Project ToolsVersion="4.0" xmlns="http://schemas.microsoft.com/developer/msbuild/2003">
  <ItemGroup>
    <Filter Include="Arquivos de Recurso">
      <UniqueIdentifier>{67DA6AB6-F800-4c08-8B7A-83BB121AAD01}</UniqueIdentifier>
      <Extensions>rc;ico;cur;bmp;dlg;rc2;rct;bin;rgs;gif;jpg;jpeg;jpe;resx;tiff;tif;png;wav;mfcribbon-ms</Extensions>
    </Filter>
    <Filter Include="headers">
      <UniqueIdentifier>{93995380-89BD-4b04-88EB-625FBE52EBFB}</UniqueIdentifier>
      <Extensions>h;hh;hpp;hxx;h++;hm;inl;inc;ipp;xsd</Extensions>
    </Filter>
    <Filter Include="src">
      <UniqueIdentifier>{4FC737F1-C7A5-4376-A066-2A32D752A2FF}</UniqueIdentifier>
      <Extensions>cpp;c;cc;cxx;c++;cppm;ixx;def;odl;idl;hpj;bat;asm;asmx</Extensions>
    </Filter>
    <Filter Include="src\camera">
      <UniqueIdentifier>{0b0a1c5e-300a-4f59-9f0b-c97e7c9a8695}</UniqueIdentifier>
    </Filter>
    <Filter Include="src\terrain">
      <UniqueIdentifier>{5e8456de-dfb2-45e6-a5c7-4cfc66794dd0}</UniqueIdentifier>
    </Filter>
  </ItemGroup>
  <ItemGroup>
    <ClCompile Include="main.cpp">
      <Filter>src</Filter>
    </ClCompile>
    <ClCompile Include="gl_canvas2d.cpp">
      <Filter>src</Filter>
    </ClCompile>
    <ClCompile Include="Camera.cpp">
      <Filter>src\camera</Filter>
    </ClCompile>
    <ClCompile Include="Terrain.cpp">
      <Filter>src\terrain</Filter>
    </ClCompile>
    <ClCompile Include="GlobalSettings.cpp">
      <Filter>src</Filter>
    </ClCompile>
  </ItemGroup>
  <ItemGroup>
    <ClInclude Include="gl_canvas2d.h">
      <Filter>headers</Filter>
    </ClInclude>
    <ClInclude Include="Vector2.h">
      <Filter>headers</Filter>
    </ClInclude>
    <ClInclude Include="mouseStates.h">
      <Filter>headers</Filter>
    </ClInclude>
    <ClInclude Include="Camera.h">
      <Filter>headers</Filter>
    </ClInclude>
    <ClInclude Include="Vector3.h">
      <Filter>headers</Filter>
    </ClInclude>
    <ClInclude Include="GlobalSettings.h">
      <Filter>headers</Filter>
    </ClInclude>
    <ClInclude Include="Cube.h">
      <Filter>headers</Filter>
    </ClInclude>
    <ClInclude Include="Keys.h">
      <Filter>headers</Filter>
    </ClInclude>
    <ClInclude Include="Terrain.h">
      <Filter>headers</Filter>
    </ClInclude>
  </ItemGroup>
</Project>